
Microsoft Visual Studio Solution File, Format Version 12.00
# Visual Studio Version 17
VisualStudioVersion = 17.14.36310.24 d17.14
MinimumVisualStudioVersion = 10.0.40219.1
Project("{FAE04EC0-301F-11D3-BF4B-00C04F79EFBC}") = "SoundMuter", "SoundMuter.csproj", "{26AF9CA4-22FA-4877-9C26-E19F133E4C89}"
EndProject
Global
	GlobalSection(SolutionConfigurationPlatforms) = preSolution
		Debug|Any CPU = Debug|Any CPU
		Release|Any CPU = Release|Any CPU
	EndGlobalSection
	GlobalSection(ProjectConfigurationPlatforms) = postSolution
		{26AF9CA4-22FA-4877-9C26-E19F133E4C89}.Debug|Any CPU.ActiveCfg = Debug|Any CPU
		{26AF9CA4-22FA-4877-9C26-E19F133E4C89}.Debug|Any CPU.Build.0 = Debug|Any CPU
		{26AF9CA4-22FA-4877-9C26-E19F133E4C89}.Release|Any CPU.ActiveCfg = Release|Any CPU
		{26AF9CA4-22FA-4877-9C26-E19F133E4C89}.Release|Any CPU.Build.0 = Release|Any CPU
	EndGlobalSection
	GlobalSection(SolutionProperties) = preSolution
		HideSolutionNode = FALSE
	EndGlobalSection
	GlobalSection(ExtensibilityGlobals) = postSolution
		SolutionGuid = {D30FFAC9-8FA0-4461-9691-951B82859715}
	EndGlobalSection
EndGlobal
